<Solution>
  <Folder Name="/Gateway/">
    <Project Path="Gateway/SmartShip.Gateway/SmartShip.Gateway.csproj" />
  </Folder>
  <Folder Name="/Services/">
    <Project Path="Services/SmartShip.AdminService/SmartShip.AdminService.csproj" />
    <Project Path="Services/SmartShip.IdentityService/SmartShip.IdentityService.csproj" />
    <Project Path="Services/SmartShip.NotificationService/SmartShip.NotificationService.csproj" />
    <Project Path="Services/SmartShip.PaymentService/SmartShip.PaymentService.csproj" />
    <Project Path="Services/SmartShip.ShipmentService/SmartShip.ShipmentService.csproj" />
    <Project Path="Services/SmartShip.TrackingService/SmartShip.TrackingService.csproj" />
  </Folder>
  <Folder Name="/Shared/">
    <Project Path="Shared/SmartShip.Shared/SmartShip.Shared.csproj" />
  </Folder>
  <Folder Name="/Solution Items/">
    <File Path="../../../AppData/Local/Temp/Rar$DRa15260.2834.rartemp/.env" />
    <File Path=".dockerignore" />
    <File Path="docker-compose.yml" />
    <File Path="nuget.config" />
  </Folder>
  <Folder Name="/Tests/">
    <Project Path="SmartShip.PaymentService.Tests/SmartShip.PaymentService.Tests.csproj" Id="86afbc73-dab6-4ec9-aca7-9cfee58ef77a" />
    <Project Path="SmartShip.ShipmentService.Tests/SmartShip.ShipmentService.Tests.csproj" Id="baec4271-775d-4ff7-bf96-0077e3de367f" />
  </Folder>
</Solution>
